// !$*UTF8*$!
{
	archiveVersion = 1;
	classes = {
	};
	objectVersion = 56;
	objects = {

/* Begin PBXBuildFile section */
		B125C8E32900446B009BF9D3 /* AppDelegate.swift in Sources */ = {isa = PBXBuildFile; fileRef = B125C8E22900446B009BF9D3 /* AppDelegate.swift */; };
		B125C8E52900446B009BF9D3 /* SceneDelegate.swift in Sources */ = {isa = PBXBuildFile; fileRef = B125C8E42900446B009BF9D3 /* SceneDelegate.swift */; };
		B125C8EA2900446B009BF9D3 /* Main.storyboard in Resources */ = {isa = PBXBuildFile; fileRef = B125C8E82900446B009BF9D3 /* Main.storyboard */; };
		B125C8EC2900446C009BF9D3 /* Assets.xcassets in Resources */ = {isa = PBXBuildFile; fileRef = B125C8EB2900446C009BF9D3 /* Assets.xcassets */; };
		B125C8EF2900446C009BF9D3 /* LaunchScreen.storyboard in Resources */ = {isa = PBXBuildFile; fileRef = B125C8ED2900446C009BF9D3 /* LaunchScreen.storyboard */; };
		B125C8FA290049D4009BF9D3 /* ContactListViewController.swift in Sources */ = {isa = PBXBuildFile; fileRef = B125C8F9290049D4009BF9D3 /* ContactListViewController.swift */; };
		B125C8FC29004C26009BF9D3 /* ContactCardsViewController.swift in Sources */ = {isa = PBXBuildFile; fileRef = B125C8FB29004C26009BF9D3 /* ContactCardsViewController.swift */; };
		B125C8FE290066F2009BF9D3 /* Person.swift in Sources */ = {isa = PBXBuildFile; fileRef = B125C8FD290066F2009BF9D3 /* Person.swift */; };
		B125C900290069B5009BF9D3 /* DetailsContactViewController.swift in Sources */ = {isa = PBXBuildFile; fileRef = B125C8FF290069B5009BF9D3 /* DetailsContactViewController.swift */; };
/* End PBXBuildFile section */

/* Begin PBXFileReference section */
		B125C8DF2900446B009BF9D3 /* ContactList.app */ = {isa = PBXFileReference; explicitFileType = wrapper.application; includeInIndex = 0; path = ContactList.app; sourceTree = BUILT_PRODUCTS_DIR; };
		B125C8E22900446B009BF9D3 /* AppDelegate.swift */ = {isa = PBXFileReference; lastKnownFileType = sourcecode.swift; path = AppDelegate.swift; sourceTree = "<group>"; };
		B125C8E42900446B009BF9D3 /* SceneDelegate.swift */ = {isa = PBXFileReference; lastKnownFileType = sourcecode.swift; path = SceneDelegate.swift; sourceTree = "<group>"; };
		B125C8E92900446B009BF9D3 /* Base */ = {isa = PBXFileReference; lastKnownFileType = file.storyboard; name = Base; path = Base.lproj/Main.storyboard; sourceTree = "<group>"; };
		B125C8EB2900446C009BF9D3 /* Assets.xcassets */ = {isa = PBXFileReference; lastKnownFileType = folder.assetcatalog; path = Assets.xcassets; sourceTree = "<group>"; };
		B125C8EE2900446C009BF9D3 /* Base */ = {isa = PBXFileReference; lastKnownFileType = file.storyboard; name = Base; path = Base.lproj/LaunchScreen.storyboard; sourceTree = "<group>"; };
		B125C8F02900446C009BF9D3 /* Info.plist */ = {isa = PBXFileReference; lastKnownFileType = text.plist.xml; path = Info.plist; sourceTree = "<group>"; };
		B125C8F9290049D4009BF9D3 /* ContactListViewController.swift */ = {isa = PBXFileReference; lastKnownFileType = sourcecode.swift; path = ContactListViewController.swift; sourceTree = "<group>"; };
		B125C8FB29004C26009BF9D3 /* ContactCardsViewController.swift */ = {isa = PBXFileReference; lastKnownFileType = sourcecode.swift; path = ContactCardsViewController.swift; sourceTree = "<group>"; };
		B125C8FD290066F2009BF9D3 /* Person.swift */ = {isa = PBXFileReference; lastKnownFileType = sourcecode.swift; path = Person.swift; sourceTree = "<group>"; };
		B125C8FF290069B5009BF9D3 /* DetailsContactViewController.swift */ = {isa = PBXFileReference; lastKnownFileType = sourcecode.swift; path = DetailsContactViewController.swift; sourceTree = "<group>"; };
/* End PBXFileReference section */

/* Begin PBXFrameworksBuildPhase section */
		B125C8DC2900446B009BF9D3 /* Frameworks */ = {
			isa = PBXFrameworksBuildPhase;
			buildActionMask = 2147483647;
			files = (
			);
			runOnlyForDeploymentPostprocessing = 0;
		};
/* End PBXFrameworksBuildPhase section */

/* Begin PBXGroup section */
		B125C8D62900446B009BF9D3 = {
			isa = PBXGroup;
			children = (
				B125C8E12900446B009BF9D3 /* ContactList */,
				B125C8E02900446B009BF9D3 /* Products */,
			);
			sourceTree = "<group>";
		};
		B125C8E02900446B009BF9D3 /* Products */ = {
			isa = PBXGroup;
			children = (
				B125C8DF2900446B009BF9D3 /* ContactList.app */,
			);
			name = Products;
			sourceTree = "<group>";
		};
		B125C8E12900446B009BF9D3 /* ContactList */ = {
			isa = PBXGroup;
			children = (
				B125C8E22900446B009BF9D3 /* AppDelegate.swift */,
				B125C8E42900446B009BF9D3 /* SceneDelegate.swift */,
				B125C8F7290044D8009BF9D3 /* ViewControllers */,
				B125C8F829004503009BF9D3 /* Models */,
				B125C8F6290044BF009BF9D3 /* Resources */,
			);
			path = ContactList;
			sourceTree = "<group>";
		};
		B125C8F6290044BF009BF9D3 /* Resources */ = {
			isa = PBXGroup;
			children = (
				B125C8E82900446B009BF9D3 /* Main.storyboard */,
				B125C8EB2900446C009BF9D3 /* Assets.xcassets */,
				B125C8ED2900446C009BF9D3 /* LaunchScreen.storyboard */,
				B125C8F02900446C009BF9D3 /* Info.plist */,
			);
			path = Resources;
			sourceTree = "<group>";
		};
		B125C8F7290044D8009BF9D3 /* ViewControllers */ = {
			isa = PBXGroup;
			children = (
				B125C8F9290049D4009BF9D3 /* ContactListViewController.swift */,
				B125C8FB29004C26009BF9D3 /* ContactCardsViewController.swift */,
				B125C8FF290069B5009BF9D3 /* DetailsContactViewController.swift */,
			);
			path = ViewControllers;
			sourceTree = "<group>";
		};
		B125C8F829004503009BF9D3 /* Models */ = {
			isa = PBXGroup;
			children = (
				B125C8FD290066F2009BF9D3 /* Person.swift */,
			);
			path = Models;
			sourceTree = "<group>";
		};
/* End PBXGroup section */

/* Begin PBXNativeTarget section */
		B125C8DE2900446B009BF9D3 /* ContactList */ = {
			isa = PBXNativeTarget;
			buildConfigurationList = B125C8F32900446C009BF9D3 /* Build configuration list for PBXNativeTarget "ContactList" */;
			buildPhases = (
				B125C8DB2900446B009BF9D3 /* Sources */,
				B125C8DC2900446B009BF9D3 /* Frameworks */,
				B125C8DD2900446B009BF9D3 /* Resources */,
			);
			buildRules = (
			);
			dependencies = (
			);
			name = ContactList;
			productName = ContactList;
			productReference = B125C8DF2900446B009BF9D3 /* ContactList.app */;
			productType = "com.apple.product-type.application";
		};
/* End PBXNativeTarget section */

/* Begin PBXProject section */
		B125C8D72900446B009BF9D3 /* Project object */ = {
			isa = PBXProject;
			attributes = {
				BuildIndependentTargetsInParallel = 1;
				LastSwiftUpdateCheck = 1400;
				LastUpgradeCheck = 1400;
				TargetAttributes = {
					B125C8DE2900446B009BF9D3 = {
						CreatedOnToolsVersion = 14.0.1;
					};
				};
			};
			buildConfigurationList = B125C8DA2900446B009BF9D3 /* Build configuration list for PBXProject "ContactList" */;
			compatibilityVersion = "Xcode 14.0";
			developmentRegion = en;
			hasScannedForEncodings = 0;
			knownRegions = (
				en,
				Base,
			);
			mainGroup = B125C8D62900446B009BF9D3;
			productRefGroup = B125C8E02900446B009BF9D3 /* Products */;
			projectDirPath = "";
			projectRoot = "";
			targets = (
				B125C8DE2900446B009BF9D3 /* ContactList */,
			);
		};
/* End PBXProject section */

/* Begin PBXResourcesBuildPhase section */
		B125C8DD2900446B009BF9D3 /* Resources */ = {
			isa = PBXResourcesBuildPhase;
			buildActionMask = 2147483647;
			files = (
				B125C8EF2900446C009BF9D3 /* LaunchScreen.storyboard in Resources */,
				B125C8EC2900446C009BF9D3 /* Assets.xcassets in Resources */,
				B125C8EA2900446B009BF9D3 /* Main.storyboard in Resources */,
			);
			runOnlyForDeploymentPostprocessing = 0;
		};
/* End PBXResourcesBuildPhase section */

/* Begin PBXSourcesBuildPhase section */
		B125C8DB2900446B009BF9D3 /* Sources */ = {
			isa = PBXSourcesBuildPhase;
			buildActionMask = 2147483647;
			files = (
				B125C8FA290049D4009BF9D3 /* ContactListViewController.swift in Sources */,
				B125C8FC29004C26009BF9D3 /* ContactCardsViewController.swift in Sources */,
				B125C8E32900446B009BF9D3 /* AppDelegate.swift in Sources */,
				B125C8E52900446B009BF9D3 /* SceneDelegate.swift in Sources */,
				B125C8FE290066F2009BF9D3 /* Person.swift in Sources */,
				B125C900290069B5009BF9D3 /* DetailsContactViewController.swift in Sources */,
			);
			runOnlyForDeploymentPostprocessing = 0;
		};
/* End PBXSourcesBuildPhase section */

/* Begin PBXVariantGroup section */
		B125C8E82900446B009BF9D3 /* Main.storyboard */ = {
			isa = PBXVariantGroup;
			children = (
				B125C8E92900446B009BF9D3 /* Base */,
			);
			name = Main.storyboard;
			sourceTree = "<group>";
		};
		B125C8ED2900446C009BF9D3 /* LaunchScreen.storyboard */ = {
			isa = PBXVariantGroup;
			children = (
				B125C8EE2900446C009BF9D3 /* Base */,
			);
			name = LaunchScreen.storyboard;
			sourceTree = "<group>";
		};
/* End PBXVariantGroup section */

/* Begin XCBuildConfiguration section */
		B125C8F12900446C009BF9D3 /* Debug */ = {
			isa = XCBuildConfiguration;
			buildSettings = {
				ALWAYS_SEARCH_USER_PATHS = NO;
				CLANG_ANALYZER_NONNULL = YES;
				CLANG_ANALYZER_NUMBER_OBJECT_CONVERSION = YES_AGGRESSIVE;
				CLANG_CXX_LANGUAGE_STANDARD = "gnu++20";
				CLANG_ENABLE_MODULES = YES;
				CLANG_ENABLE_OBJC_ARC = YES;
				CLANG_ENABLE_OBJC_WEAK = YES;
				CLANG_WARN_BLOCK_CAPTURE_AUTORELEASING = YES;
				CLANG_WARN_BOOL_CONVERSION = YES;
				CLANG_WARN_COMMA = YES;
				CLANG_WARN_CONSTANT_CONVERSION = YES;
				CLANG_WARN_DEPRECATED_OBJC_IMPLEMENTATIONS = YES;
				CLANG_WARN_DIRECT_OBJC_ISA_USAGE = YES_ERROR;
				CLANG_WARN_DOCUMENTATION_COMMENTS = YES;
				CLANG_WARN_EMPTY_BODY = YES;
				CLANG_WARN_ENUM_CONVERSION = YES;
				CLANG_WARN_INFINITE_RECURSION = YES;
				CLANG_WARN_INT_CONVERSION = YES;
				CLANG_WARN_NON_LITERAL_NULL_CONVERSION = YES;
				CLANG_WARN_OBJC_IMPLICIT_RETAIN_SELF = YES;
				CLANG_WARN_OBJC_LITERAL_CONVERSION = YES;
				CLANG_WARN_OBJC_ROOT_CLASS = YES_ERROR;
				CLANG_WARN_QUOTED_INCLUDE_IN_FRAMEWORK_HEADER = YES;
				CLANG_WARN_RANGE_LOOP_ANALYSIS = YES;
				CLANG_WARN_STRICT_PROTOTYPES = YES;
				CLANG_WARN_SUSPICIOUS_MOVE = YES;
				CLANG_WARN_UNGUARDED_AVAILABILITY = YES_AGGRESSIVE;
				CLANG_WARN_UNREACHABLE_CODE = YES;
				CLANG_WARN__DUPLICATE_METHOD_MATCH = YES;
				COPY_PHASE_STRIP = NO;
				DEBUG_INFORMATION_FORMAT = dwarf;
				ENABLE_STRICT_OBJC_MSGSEND = YES;
				ENABLE_TESTABILITY = YES;
				GCC_C_LANGUAGE_STANDARD = gnu11;
				GCC_DYNAMIC_NO_PIC = NO;
				GCC_NO_COMMON_BLOCKS = YES;
				GCC_OPTIMIZATION_LEVEL = 0;
				GCC_PREPROCESSOR_DEFINITIONS = (
					"DEBUG=1",
					"$(inherited)",
				);
				GCC_WARN_64_TO_32_BIT_CONVERSION = YES;
				GCC_WARN_ABOUT_RETURN_TYPE = YES_ERROR;
				GCC_WARN_UNDECLARED_SELECTOR = YES;
				GCC_WARN_UNINITIALIZED_AUTOS = YES_AGGRESSIVE;
				GCC_WARN_UNUSED_FUNCTION = YES;
				GCC_WARN_UNUSED_VARIABLE = YES;
				IPHONEOS_DEPLOYMENT_TARGET = 16.0;
				MTL_ENABLE_DEBUG_INFO = INCLUDE_SOURCE;
				MTL_FAST_MATH = YES;
				ONLY_ACTIVE_ARCH = YES;
				SDKROOT = iphoneos;
				SWIFT_ACTIVE_COMPILATION_CONDITIONS = DEBUG;
				SWIFT_OPTIMIZATION_LEVEL = "-Onone";
			};
			name = Debug;
		};
		B125C8F22900446C009BF9D3 /* Release */ = {
			isa = XCBuildConfiguration;
			buildSettings = {
				ALWAYS_SEARCH_USER_PATHS = NO;
				CLANG_ANALYZER_NONNULL = YES;
				CLANG_ANALYZER_NUMBER_OBJECT_CONVERSION = YES_AGGRESSIVE;
				CLANG_CXX_LANGUAGE_STANDARD = "gnu++20";
				CLANG_ENABLE_MODULES = YES;
				CLANG_ENABLE_OBJC_ARC = YES;
				CLANG_ENABLE_OBJC_WEAK = YES;
				CLANG_WARN_BLOCK_CAPTURE_AUTORELEASING = YES;
				CLANG_WARN_BOOL_CONVERSION = YES;
				CLANG_WARN_COMMA = YES;
				CLANG_WARN_CONSTANT_CONVERSION = YES;
				CLANG_WARN_DEPRECATED_OBJC_IMPLEMENTATIONS = YES;
				CLANG_WARN_DIRECT_OBJC_ISA_USAGE = YES_ERROR;
				CLANG_WARN_DOCUMENTATION_COMMENTS = YES;
				CLANG_WARN_EMPTY_BODY = YES;
				CLANG_WARN_ENUM_CONVERSION = YES;
				CLANG_WARN_INFINITE_RECURSION = YES;
				CLANG_WARN_INT_CONVERSION = YES;
				CLANG_WARN_NON_LITERAL_NULL_CONVERSION = YES;
				CLANG_WARN_OBJC_IMPLICIT_RETAIN_SELF = YES;
				CLANG_WARN_OBJC_LITERAL_CONVERSION = YES;
				CLANG_WARN_OBJC_ROOT_CLASS = YES_ERROR;
				CLANG_WARN_QUOTED_INCLUDE_IN_FRAMEWORK_HEADER = YES;
				CLANG_WARN_RANGE_LOOP_ANALYSIS = YES;
				CLANG_WARN_STRICT_PROTOTYPES = YES;
				CLANG_WARN_SUSPICIOUS_MOVE = YES;
				CLANG_WARN_UNGUARDED_AVAILABILITY = YES_AGGRESSIVE;
				CLANG_WARN_UNREACHABLE_CODE = YES;
				CLANG_WARN__DUPLICATE_METHOD_MATCH = YES;
				COPY_PHASE_STRIP = NO;
				DEBUG_INFORMATION_FORMAT = "dwarf-with-dsym";
				ENABLE_NS_ASSERTIONS = NO;
				ENABLE_STRICT_OBJC_MSGSEND = YES;
				GCC_C_LANGUAGE_STANDARD = gnu11;
				GCC_NO_COMMON_BLOCKS = YES;
				GCC_WARN_64_TO_32_BIT_CONVERSION = YES;
				GCC_WARN_ABOUT_RETURN_TYPE = YES_ERROR;
				GCC_WARN_UNDECLARED_SELECTOR = YES;
				GCC_WARN_UNINITIALIZED_AUTOS = YES_AGGRESSIVE;
				GCC_WARN_UNUSED_FUNCTION = YES;
				GCC_WARN_UNUSED_VARIABLE = YES;
				IPHONEOS_DEPLOYMENT_TARGET = 16.0;
				MTL_ENABLE_DEBUG_INFO = NO;
				MTL_FAST_MATH = YES;
				SDKROOT = iphoneos;
				SWIFT_COMPILATION_MODE = wholemodule;
				SWIFT_OPTIMIZATION_LEVEL = "-O";
				VALIDATE_PRODUCT = YES;
			};
			name = Release;
		};
		B125C8F42900446C009BF9D3 /* Debug */ = {
			isa = XCBuildConfiguration;
			buildSettings = {
				ASSETCATALOG_COMPILER_APPICON_NAME = AppIcon;
				ASSETCATALOG_COMPILER_GLOBAL_ACCENT_COLOR_NAME = AccentColor;
				CODE_SIGN_STYLE = Automatic;
				CURRENT_PROJECT_VERSION = 1;
				DEVELOPMENT_TEAM = 63PYY6R82T;
				GENERATE_INFOPLIST_FILE = YES;
				INFOPLIST_FILE = ContactList/Resources/Info.plist;
				INFOPLIST_KEY_UIApplicationSupportsIndirectInputEvents = YES;
				INFOPLIST_KEY_UILaunchStoryboardName = LaunchScreen;
				INFOPLIST_KEY_UIMainStoryboardFile = Main;
				INFOPLIST_KEY_UISupportedInterfaceOrientations = UIInterfaceOrientationPortrait;
				INFOPLIST_KEY_UISupportedInterfaceOrientations_iPad = "UIInterfaceOrientationLandscapeLeft UIInterfaceOrientationLandscapeRight UIInterfaceOrientationPortrait UIInterfaceOrientationPortraitUpsideDown";
				LD_RUNPATH_SEARCH_PATHS = (
					"$(inherited)",
					"@executable_path/Frameworks",
				);
				MARKETING_VERSION = 1.0;
				PRODUCT_BUNDLE_IDENTIFIER = com.larinvasyl.ContactList;
				PRODUCT_NAME = "$(TARGET_NAME)";
				SUPPORTED_PLATFORMS = "iphoneos iphonesimulator";
				SUPPORTS_MACCATALYST = NO;
				SUPPORTS_MAC_DESIGNED_FOR_IPHONE_IPAD = NO;
				SWIFT_EMIT_LOC_STRINGS = YES;
				SWIFT_VERSION = 5.0;
				TARGETED_DEVICE_FAMILY = 1;
			};
			name = Debug;
		};
		B125C8F52900446C009BF9D3 /* Release */ = {
			isa = XCBuildConfiguration;
			buildSettings = {
				ASSETCATALOG_COMPILER_APPICON_NAME = AppIcon;
				ASSETCATALOG_COMPILER_GLOBAL_ACCENT_COLOR_NAME = AccentColor;
				CODE_SIGN_STYLE = Automatic;
				CURRENT_PROJECT_VERSION = 1;
				DEVELOPMENT_TEAM = 63PYY6R82T;
				GENERATE_INFOPLIST_FILE = YES;
				INFOPLIST_FILE = ContactList/Resources/Info.plist;
				INFOPLIST_KEY_UIApplicationSupportsIndirectInputEvents = YES;
				INFOPLIST_KEY_UILaunchStoryboardName = LaunchScreen;
				INFOPLIST_KEY_UIMainStoryboardFile = Main;
				INFOPLIST_KEY_UISupportedInterfaceOrientations = UIInterfaceOrientationPortrait;
				INFOPLIST_KEY_UISupportedInterfaceOrientations_iPad = "UIInterfaceOrientationLandscapeLeft UIInterfaceOrientationLandscapeRight UIInterfaceOrientationPortrait UIInterfaceOrientationPortraitUpsideDown";
				LD_RUNPATH_SEARCH_PATHS = (
					"$(inherited)",
					"@executable_path/Frameworks",
				);
				MARKETING_VERSION = 1.0;
				PRODUCT_BUNDLE_IDENTIFIER = com.larinvasyl.ContactList;
				PRODUCT_NAME = "$(TARGET_NAME)";
				SUPPORTED_PLATFORMS = "iphoneos iphonesimulator";
				SUPPORTS_MACCATALYST = NO;
				SUPPORTS_MAC_DESIGNED_FOR_IPHONE_IPAD = NO;
				SWIFT_EMIT_LOC_STRINGS = YES;
				SWIFT_VERSION = 5.0;
				TARGETED_DEVICE_FAMILY = 1;
			};
			name = Release;
		};
/* End XCBuildConfiguration section */

/* Begin XCConfigurationList section */
		B125C8DA2900446B009BF9D3 /* Build configuration list for PBXProject "ContactList" */ = {
			isa = XCConfigurationList;
			buildConfigurations = (
				B125C8F12900446C009BF9D3 /* Debug */,
				B125C8F22900446C009BF9D3 /* Release */,
			);
			defaultConfigurationIsVisible = 0;
			defaultConfigurationName = Release;
		};
		B125C8F32900446C009BF9D3 /* Build configuration list for PBXNativeTarget "ContactList" */ = {
			isa = XCConfigurationList;
			buildConfigurations = (
				B125C8F42900446C009BF9D3 /* Debug */,
				B125C8F52900446C009BF9D3 /* Release */,
			);
			defaultConfigurationIsVisible = 0;
			defaultConfigurationName = Release;
		};
/* End XCConfigurationList section */
	};
	rootObject = B125C8D72900446B009BF9D3 /* Project object */;
}
